schema: '2.0'
stages:
  train:
    cmd: python src/train.py
    deps:
    - path: data/fashion-mnist/fashion-mnist_test.csv
      hash: md5
      md5: 64ec16a6b73b3514634d529a71dd8306
      size: 22176691
    - path: data/fashion-mnist/fashion-mnist_train.csv
      hash: md5
      md5: 976229da8a00a3ccf41b8009e4e48d77
      size: 133047193
    - path: src/train.py
      hash: md5
      md5: 787a5cad3eeaa9152338f994d3c25f10
      size: 2559
    outs:
    - path: models/fashion_classifier.keras
      hash: md5
      md5: 532408768eb1f41ef7aad7ced7c1683b
      size: 6455248
  evaluate:
    cmd: python src/evaluate.py
    deps:
    - path: data/fashion-mnist/fashion-mnist_test.csv
      hash: md5
      md5: 64ec16a6b73b3514634d529a71dd8306
      size: 22176691
    - path: models/cnn_model.keras
      hash: md5
      md5: ae0ea402b45ebfce5dca448160bd729c
      size: 2196477
    - path: models/fashion_classifier.keras
      hash: md5
      md5: 532408768eb1f41ef7aad7ced7c1683b
      size: 6455248
    - path: models/transfer_model.keras
      hash: md5
      md5: 3293eaa0c21e29a5457aad3abe92e501
      size: 8712362
    - path: src/evaluate.py
      hash: md5
      md5: c9bffbe171f6335df2ae90d5b9b7a956
      size: 4529
    outs:
    - path: metrics/metrics.json
      hash: md5
      md5: fe6a12df932782449477b0a9bb83c6ed
      size: 513
    - path: metrics/plots/confusion_matrix_cnn.png
      hash: md5
      md5: 547e1d3acab3b13b2f5ce42956128a9b
      size: 56235
    - path: metrics/plots/confusion_matrix_simple_mlp.png
      hash: md5
      md5: 41656f4ec64c7f03e811d2ca74b60fb2
      size: 59290
    - path: metrics/plots/confusion_matrix_transfer_learning.png
      hash: md5
      md5: e45cc57ab0b7fa0bceac90de1a4befba
      size: 60701
  train_cnn:
    cmd: python src/train_cnn.py
    deps:
    - path: data/fashion-mnist/fashion-mnist_train.csv
      hash: md5
      md5: 976229da8a00a3ccf41b8009e4e48d77
      size: 133047193
    - path: src/train_cnn.py
      hash: md5
      md5: 5f8017e4bd446bb4e9114033721580ba
      size: 2437
    outs:
    - path: models/cnn_model.keras
      hash: md5
      md5: ae0ea402b45ebfce5dca448160bd729c
      size: 2196477
  train_transfer:
    cmd: python src/train_transfer.py
    deps:
    - path: data/fashion-mnist/fashion-mnist_train.csv
      hash: md5
      md5: 976229da8a00a3ccf41b8009e4e48d77
      size: 133047193
    - path: src/train_transfer.py
      hash: md5
      md5: e438534de4f7b7754c375c5dc04ebfaf
      size: 3417
    outs:
    - path: models/transfer_model.keras
      hash: md5
      md5: 3293eaa0c21e29a5457aad3abe92e501
      size: 8712362
  train_simple:
    cmd: python src/train.py
    deps:
    - path: data/fashion-mnist/fashion-mnist_test.csv
      hash: md5
      md5: 64ec16a6b73b3514634d529a71dd8306
      size: 22176691
    - path: data/fashion-mnist/fashion-mnist_train.csv
      hash: md5
      md5: 976229da8a00a3ccf41b8009e4e48d77
      size: 133047193
    - path: src/train.py
      hash: md5
      md5: 787a5cad3eeaa9152338f994d3c25f10
      size: 2559
    outs:
    - path: models/fashion_classifier.keras
      hash: md5
      md5: 532408768eb1f41ef7aad7ced7c1683b
      size: 6455248
