schema: '2.0'
stages:
  train:
    cmd: python src/train.py
    deps:
    - path: data/fashion-mnist/fashion-mnist_test.csv
      hash: md5
      md5: 64ec16a6b73b3514634d529a71dd8306
      size: 22176691
    - path: data/fashion-mnist/fashion-mnist_train.csv
      hash: md5
      md5: 976229da8a00a3ccf41b8009e4e48d77
      size: 133047193
    - path: src/train.py
      hash: md5
      md5: 787a5cad3eeaa9152338f994d3c25f10
      size: 2559
    outs:
    - path: models/fashion_classifier.keras
      hash: md5
      md5: 532408768eb1f41ef7aad7ced7c1683b
      size: 6455248
  evaluate:
    cmd: python src/evaluate.py
    deps:
    - path: data/fashion-mnist/fashion-mnist_test.csv
      hash: md5
      md5: 64ec16a6b73b3514634d529a71dd8306
      size: 22176691
    - path: models/cnn_model.keras
      hash: md5
      md5: 173390ac197e95776da006971a3a4985
      size: 2196477
    - path: models/fashion_classifier.keras
      hash: md5
      md5: 792599d09577e827b2d8316ada4a340b
      size: 6455248
    - path: models/transfer_model.keras
      hash: md5
      md5: 3cf4ff3092ef086e58f41de301ee7467
      size: 8712362
    - path: src/evaluate.py
      hash: md5
      md5: c9bffbe171f6335df2ae90d5b9b7a956
      size: 4529
    outs:
    - path: metrics/metrics.json
      hash: md5
      md5: cd1c362d004d2b2021335bebdbc5c487
      size: 516
    - path: metrics/plots/confusion_matrix_cnn.png
      hash: md5
      md5: a3a3d92389431fbecf234b096bf29854
      size: 55903
    - path: metrics/plots/confusion_matrix_simple_mlp.png
      hash: md5
      md5: 05b8dcc638e30ebea0dc55852a8da456
      size: 59468
    - path: metrics/plots/confusion_matrix_transfer_learning.png
      hash: md5
      md5: d9c9b685df7257c328c2e5ff7b094041
      size: 61697
  train_cnn:
    cmd: python src/train_cnn.py
    deps:
    - path: data/fashion-mnist/fashion-mnist_train.csv
      hash: md5
      md5: 976229da8a00a3ccf41b8009e4e48d77
      size: 133047193
    - path: src/train_cnn.py
      hash: md5
      md5: 5f8017e4bd446bb4e9114033721580ba
      size: 2437
    outs:
    - path: models/cnn_model.keras
      hash: md5
      md5: 173390ac197e95776da006971a3a4985
      size: 2196477
  train_transfer:
    cmd: python src/train_transfer.py
    deps:
    - path: data/fashion-mnist/fashion-mnist_train.csv
      hash: md5
      md5: 976229da8a00a3ccf41b8009e4e48d77
      size: 133047193
    - path: src/train_transfer.py
      hash: md5
      md5: e438534de4f7b7754c375c5dc04ebfaf
      size: 3417
    outs:
    - path: models/transfer_model.keras
      hash: md5
      md5: 3cf4ff3092ef086e58f41de301ee7467
      size: 8712362
  train_simple:
    cmd: python src/train.py
    deps:
    - path: data/fashion-mnist/fashion-mnist_test.csv
      hash: md5
      md5: 64ec16a6b73b3514634d529a71dd8306
      size: 22176691
    - path: data/fashion-mnist/fashion-mnist_train.csv
      hash: md5
      md5: 976229da8a00a3ccf41b8009e4e48d77
      size: 133047193
    - path: src/train.py
      hash: md5
      md5: 787a5cad3eeaa9152338f994d3c25f10
      size: 2559
    outs:
    - path: models/fashion_classifier.keras
      hash: md5
      md5: 792599d09577e827b2d8316ada4a340b
      size: 6455248
